
Microsoft Visual Studio Solution File, Format Version 12.00
# Visual Studio Version 17
VisualStudioVersion = 17.11.35312.102
MinimumVisualStudioVersion = 10.0.40219.1
Project("{FAE04EC0-301F-11D3-BF4B-00C04F79EFBC}") = "MiKlinic", "MiKlinic\MiKlinic\MiKlinic.csproj", "{4E4AB564-11DA-48D6-94DC-1C10CEC99F98}"
EndProject
Project("{FAE04EC0-301F-11D3-BF4B-00C04F79EFBC}") = "MiKlinic.Client", "MiKlinic\MiKlinic.Client\MiKlinic.Client.csproj", "{81F69091-0730-4963-8CDB-90FC9CC62995}"
EndProject
Global
	GlobalSection(SolutionConfigurationPlatforms) = preSolution
		Debug|Any CPU = Debug|Any CPU
		Release|Any CPU = Release|Any CPU
	EndGlobalSection
	GlobalSection(ProjectConfigurationPlatforms) = postSolution
		{4E4AB564-11DA-48D6-94DC-1C10CEC99F98}.Debug|Any CPU.ActiveCfg = Debug|Any CPU
		{4E4AB564-11DA-48D6-94DC-1C10CEC99F98}.Debug|Any CPU.Build.0 = Debug|Any CPU
		{4E4AB564-11DA-48D6-94DC-1C10CEC99F98}.Release|Any CPU.ActiveCfg = Release|Any CPU
		{4E4AB564-11DA-48D6-94DC-1C10CEC99F98}.Release|Any CPU.Build.0 = Release|Any CPU
		{81F69091-0730-4963-8CDB-90FC9CC62995}.Debug|Any CPU.ActiveCfg = Debug|Any CPU
		{81F69091-0730-4963-8CDB-90FC9CC62995}.Debug|Any CPU.Build.0 = Debug|Any CPU
		{81F69091-0730-4963-8CDB-90FC9CC62995}.Release|Any CPU.ActiveCfg = Release|Any CPU
		{81F69091-0730-4963-8CDB-90FC9CC62995}.Release|Any CPU.Build.0 = Release|Any CPU
	EndGlobalSection
	GlobalSection(SolutionProperties) = preSolution
		HideSolutionNode = FALSE
	EndGlobalSection
	GlobalSection(ExtensibilityGlobals) = postSolution
		SolutionGuid = {C9857F5C-AFAA-44C2-BB35-B62EBFAD75FB}
	EndGlobalSection
EndGlobal
